{
  "name": "2018-devsummit-plenary",
  "version": "1.0.0",
  "lockfileVersion": 1,
  "requires": true,
  "dependencies": {
    "@dojo/core": {
      "version": "0.3.1",
      "resolved": "https://registry.npmjs.org/@dojo/core/-/core-0.3.1.tgz",
      "integrity": "sha1-04z9sVhuSp2648AtDGxKXedV5J4=",
      "requires": {
        "tslib": "1.8.1"
      }
    },
    "@dojo/has": {
      "version": "0.1.2",
      "resolved": "https://registry.npmjs.org/@dojo/has/-/has-0.1.2.tgz",
      "integrity": "sha1-JtElJW1xa9ADcyji6qlM1bCYV+w="
    },
    "@dojo/shim": {
      "version": "0.2.5",
      "resolved": "https://registry.npmjs.org/@dojo/shim/-/shim-0.2.5.tgz",
      "integrity": "sha1-v3He6tmSAyMyuoSAKVCVD7SLSs4=",
      "requires": {
        "intersection-observer": "0.4.3",
        "pepjs": "0.4.3",
        "tslib": "1.8.1"
      }
    },
    "intersection-observer": {
      "version": "0.4.3",
      "resolved": "https://registry.npmjs.org/intersection-observer/-/intersection-observer-0.4.3.tgz",
      "integrity": "sha1-Iv8HRCJp2L5pRVGnguCwgezUrf0="
    },
    "pepjs": {
      "version": "0.4.3",
      "resolved": "https://registry.npmjs.org/pepjs/-/pepjs-0.4.3.tgz",
      "integrity": "sha1-FggOlwqud5kTdWwtrviOqnSG30E="
    },
    "tslib": {
      "version": "1.8.1",
      "resolved": "https://registry.npmjs.org/tslib/-/tslib-1.8.1.tgz",
      "integrity": "sha1-aUavLR1lGnsYY7Ux1uWvpBqkTqw="
    },
    "typescript": {
      "version": "2.7.2",
      "resolved": "https://registry.npmjs.org/typescript/-/typescript-2.7.2.tgz",
      "integrity": "sha1-LWFaHvSu5PV0Qlzf9wJu34GRmDY=",
      "dev": true
    }
  }
}
